Microsoft Visual Studio Solution File, Format Version 12.00
# Visual Studio Version 17
VisualStudioVersion = 17.4.33403.182
MinimumVisualStudioVersion = 10.0.40219.1
Project("{2150E333-8FDC-42A3-9474-1A3956D46DE8}") = "src", "src", "{BBADD7D9-2278-4E34-ACD7-E1FB1746ACC3}"
EndProject
Project("{2150E333-8FDC-42A3-9474-1A3956D46DE8}") = "test", "test", "{C74D28EA-DD92-4474-A1BA-19F78BAC46AD}"
EndProject
Project("{2150E333-8FDC-42A3-9474-1A3956D46DE8}") = "benchmark", "benchmark", "{64F8A1BF-65BE-41BC-BCAC-EA22D9B836C0}"
EndProject
Project("{2150E333-8FDC-42A3-9474-1A3956D46DE8}") = "ut", "ut", "{9B6E93DC-337F-46BA-A516-E8F0891BF5EF}"
EndProject
Project("{2150E333-8FDC-42A3-9474-1A3956D46DE8}") = "samples", "samples", "{F8BD5F4B-B976-4FFA-8FD8-8DF8D8FFC262}"
EndProject
Project("{2150E333-8FDC-42A3-9474-1A3956D46DE8}") = "Solution Items", "Solution Items", "{9F468927-9FBF-47A8-98EF-1C7CCB1BFC9B}"
	ProjectSection(SolutionItems) = preProject
		Directory.Build.props = Directory.Build.props
		.github\workflows\publish.yml = .github\workflows\publish.yml
		readme.txt = readme.txt
		.github\workflows\test.yml = .github\workflows\test.yml
	EndProjectSection
EndProject
Project("{9A19103F-16F7-4668-BE54-9A1E7A4F7556}") = "XCodeless.DI", "src\XCodeless.DI\XCodeless.DI.csproj", "{48602C5D-5DC0-4B50-9D65-8F479BB3EB6A}"
EndProject
Project("{9A19103F-16F7-4668-BE54-9A1E7A4F7556}") = "Sample1", "samples\Sample1\Sample1.csproj", "{99C573A2-D19E-49B4-8D31-34B291D8F0F6}"
EndProject
Project("{9A19103F-16F7-4668-BE54-9A1E7A4F7556}") = "BenchmarkProject", "test\benchmark\BenchmarkProject\BenchmarkProject.csproj", "{104ABFF4-2AF7-415E-A434-78B4C45EBE5B}"
EndProject
Project("{9A19103F-16F7-4668-BE54-9A1E7A4F7556}") = "XCodeless.DI.Ext.Runtime", "src\XCodeless.DI.Ext.Runtime\XCodeless.DI.Ext.Runtime.csproj", "{F397869B-471A-4C41-959F-B0EF79478148}"
EndProject
Project("{9A19103F-16F7-4668-BE54-9A1E7A4F7556}") = "XCodeless.DI.Ext.SourceGenerator", "src\XCodeless.DI.Ext.SourceGenerator\XCodeless.DI.Ext.SourceGenerator.csproj", "{89714B6D-6894-493B-BBAF-73877AD42112}"
EndProject
Project("{9A19103F-16F7-4668-BE54-9A1E7A4F7556}") = "Runtime.Test", "test\ut\Runtime.Test\Runtime.Test.csproj", "{BC00D76D-6636-4852-96A7-71DD4B4BC3EB}"
EndProject
Project("{9A19103F-16F7-4668-BE54-9A1E7A4F7556}") = "SourceGenerator.Test", "test\ut\SourceGenerator.Test\SourceGenerator.Test.csproj", "{78724DF3-DC8E-432D-9A86-19855B0AC068}"
EndProject
Project("{FAE04EC0-301F-11D3-BF4B-00C04F79EFBC}") = "Repository", "test\ut\Repository\Repository.csproj", "{33C921F7-42C1-4869-B049-370F4F0AD3C7}"
EndProject
Project("{FAE04EC0-301F-11D3-BF4B-00C04F79EFBC}") = "IRepository", "test\ut\IRepository\IRepository.csproj", "{6C3D5799-0E93-419A-884C-72118A03EB4E}"
EndProject
Project("{FAE04EC0-301F-11D3-BF4B-00C04F79EFBC}") = "Service", "test\ut\Service\Service.csproj", "{63E48583-9F8F-4231-8C26-58E6AFAD3599}"
EndProject
Project("{FAE04EC0-301F-11D3-BF4B-00C04F79EFBC}") = "IService", "test\ut\IService\IService.csproj", "{43453CFD-0AA7-4FD8-BE65-ED48FBAE9889}"
EndProject
Project("{2150E333-8FDC-42A3-9474-1A3956D46DE8}") = "lib", "lib", "{07C02FC3-A898-4F93-8D7F-699AAE36026C}"
EndProject
Project("{FAE04EC0-301F-11D3-BF4B-00C04F79EFBC}") = "RegisteWrong", "test\ut\RegisteWrong\RegisteWrong.csproj", "{A17BE126-556F-442E-9B9F-544E3BA64D6B}"
EndProject
Global
	GlobalSection(SolutionConfigurationPlatforms) = preSolution
		Debug|Any CPU = Debug|Any CPU
		Release|Any CPU = Release|Any CPU
	EndGlobalSection
	GlobalSection(ProjectConfigurationPlatforms) = postSolution
		{48602C5D-5DC0-4B50-9D65-8F479BB3EB6A}.Debug|Any CPU.ActiveCfg = Debug|Any CPU
		{48602C5D-5DC0-4B50-9D65-8F479BB3EB6A}.Debug|Any CPU.Build.0 = Debug|Any CPU
		{48602C5D-5DC0-4B50-9D65-8F479BB3EB6A}.Release|Any CPU.ActiveCfg = Release|Any CPU
		{48602C5D-5DC0-4B50-9D65-8F479BB3EB6A}.Release|Any CPU.Build.0 = Release|Any CPU
		{99C573A2-D19E-49B4-8D31-34B291D8F0F6}.Debug|Any CPU.ActiveCfg = Debug|Any CPU
		{99C573A2-D19E-49B4-8D31-34B291D8F0F6}.Debug|Any CPU.Build.0 = Debug|Any CPU
		{99C573A2-D19E-49B4-8D31-34B291D8F0F6}.Release|Any CPU.ActiveCfg = Release|Any CPU
		{99C573A2-D19E-49B4-8D31-34B291D8F0F6}.Release|Any CPU.Build.0 = Release|Any CPU
		{104ABFF4-2AF7-415E-A434-78B4C45EBE5B}.Debug|Any CPU.ActiveCfg = Debug|Any CPU
		{104ABFF4-2AF7-415E-A434-78B4C45EBE5B}.Debug|Any CPU.Build.0 = Debug|Any CPU
		{104ABFF4-2AF7-415E-A434-78B4C45EBE5B}.Release|Any CPU.ActiveCfg = Release|Any CPU
		{104ABFF4-2AF7-415E-A434-78B4C45EBE5B}.Release|Any CPU.Build.0 = Release|Any CPU
		{F397869B-471A-4C41-959F-B0EF79478148}.Debug|Any CPU.ActiveCfg = Debug|Any CPU
		{F397869B-471A-4C41-959F-B0EF79478148}.Debug|Any CPU.Build.0 = Debug|Any CPU
		{F397869B-471A-4C41-959F-B0EF79478148}.Release|Any CPU.ActiveCfg = Release|Any CPU
		{F397869B-471A-4C41-959F-B0EF79478148}.Release|Any CPU.Build.0 = Release|Any CPU
		{89714B6D-6894-493B-BBAF-73877AD42112}.Debug|Any CPU.ActiveCfg = Debug|Any CPU
		{89714B6D-6894-493B-BBAF-73877AD42112}.Debug|Any CPU.Build.0 = Debug|Any CPU
		{89714B6D-6894-493B-BBAF-73877AD42112}.Release|Any CPU.ActiveCfg = Release|Any CPU
		{89714B6D-6894-493B-BBAF-73877AD42112}.Release|Any CPU.Build.0 = Release|Any CPU
		{BC00D76D-6636-4852-96A7-71DD4B4BC3EB}.Debug|Any CPU.ActiveCfg = Debug|Any CPU
		{BC00D76D-6636-4852-96A7-71DD4B4BC3EB}.Debug|Any CPU.Build.0 = Debug|Any CPU
		{BC00D76D-6636-4852-96A7-71DD4B4BC3EB}.Release|Any CPU.ActiveCfg = Release|Any CPU
		{BC00D76D-6636-4852-96A7-71DD4B4BC3EB}.Release|Any CPU.Build.0 = Release|Any CPU
		{78724DF3-DC8E-432D-9A86-19855B0AC068}.Debug|Any CPU.ActiveCfg = Debug|Any CPU
		{78724DF3-DC8E-432D-9A86-19855B0AC068}.Debug|Any CPU.Build.0 = Debug|Any CPU
		{78724DF3-DC8E-432D-9A86-19855B0AC068}.Release|Any CPU.ActiveCfg = Release|Any CPU
		{78724DF3-DC8E-432D-9A86-19855B0AC068}.Release|Any CPU.Build.0 = Release|Any CPU
		{33C921F7-42C1-4869-B049-370F4F0AD3C7}.Debug|Any CPU.ActiveCfg = Debug|Any CPU
		{33C921F7-42C1-4869-B049-370F4F0AD3C7}.Debug|Any CPU.Build.0 = Debug|Any CPU
		{33C921F7-42C1-4869-B049-370F4F0AD3C7}.Release|Any CPU.ActiveCfg = Release|Any CPU
		{33C921F7-42C1-4869-B049-370F4F0AD3C7}.Release|Any CPU.Build.0 = Release|Any CPU
		{6C3D5799-0E93-419A-884C-72118A03EB4E}.Debug|Any CPU.ActiveCfg = Debug|Any CPU
		{6C3D5799-0E93-419A-884C-72118A03EB4E}.Debug|Any CPU.Build.0 = Debug|Any CPU
		{6C3D5799-0E93-419A-884C-72118A03EB4E}.Release|Any CPU.ActiveCfg = Release|Any CPU
		{6C3D5799-0E93-419A-884C-72118A03EB4E}.Release|Any CPU.Build.0 = Release|Any CPU
		{63E48583-9F8F-4231-8C26-58E6AFAD3599}.Debug|Any CPU.ActiveCfg = Debug|Any CPU
		{63E48583-9F8F-4231-8C26-58E6AFAD3599}.Debug|Any CPU.Build.0 = Debug|Any CPU
		{63E48583-9F8F-4231-8C26-58E6AFAD3599}.Release|Any CPU.ActiveCfg = Release|Any CPU
		{63E48583-9F8F-4231-8C26-58E6AFAD3599}.Release|Any CPU.Build.0 = Release|Any CPU
		{43453CFD-0AA7-4FD8-BE65-ED48FBAE9889}.Debug|Any CPU.ActiveCfg = Debug|Any CPU
		{43453CFD-0AA7-4FD8-BE65-ED48FBAE9889}.Debug|Any CPU.Build.0 = Debug|Any CPU
		{43453CFD-0AA7-4FD8-BE65-ED48FBAE9889}.Release|Any CPU.ActiveCfg = Release|Any CPU
		{43453CFD-0AA7-4FD8-BE65-ED48FBAE9889}.Release|Any CPU.Build.0 = Release|Any CPU
		{A17BE126-556F-442E-9B9F-544E3BA64D6B}.Debug|Any CPU.ActiveCfg = Debug|Any CPU
		{A17BE126-556F-442E-9B9F-544E3BA64D6B}.Debug|Any CPU.Build.0 = Debug|Any CPU
		{A17BE126-556F-442E-9B9F-544E3BA64D6B}.Release|Any CPU.ActiveCfg = Release|Any CPU
		{A17BE126-556F-442E-9B9F-544E3BA64D6B}.Release|Any CPU.Build.0 = Release|Any CPU
	EndGlobalSection
	GlobalSection(SolutionProperties) = preSolution
		HideSolutionNode = FALSE
	EndGlobalSection
	GlobalSection(NestedProjects) = preSolution
		{64F8A1BF-65BE-41BC-BCAC-EA22D9B836C0} = {C74D28EA-DD92-4474-A1BA-19F78BAC46AD}
		{9B6E93DC-337F-46BA-A516-E8F0891BF5EF} = {C74D28EA-DD92-4474-A1BA-19F78BAC46AD}
		{48602C5D-5DC0-4B50-9D65-8F479BB3EB6A} = {BBADD7D9-2278-4E34-ACD7-E1FB1746ACC3}
		{99C573A2-D19E-49B4-8D31-34B291D8F0F6} = {F8BD5F4B-B976-4FFA-8FD8-8DF8D8FFC262}
		{104ABFF4-2AF7-415E-A434-78B4C45EBE5B} = {64F8A1BF-65BE-41BC-BCAC-EA22D9B836C0}
		{F397869B-471A-4C41-959F-B0EF79478148} = {BBADD7D9-2278-4E34-ACD7-E1FB1746ACC3}
		{89714B6D-6894-493B-BBAF-73877AD42112} = {BBADD7D9-2278-4E34-ACD7-E1FB1746ACC3}
		{BC00D76D-6636-4852-96A7-71DD4B4BC3EB} = {9B6E93DC-337F-46BA-A516-E8F0891BF5EF}
		{78724DF3-DC8E-432D-9A86-19855B0AC068} = {9B6E93DC-337F-46BA-A516-E8F0891BF5EF}
		{33C921F7-42C1-4869-B049-370F4F0AD3C7} = {07C02FC3-A898-4F93-8D7F-699AAE36026C}
		{6C3D5799-0E93-419A-884C-72118A03EB4E} = {07C02FC3-A898-4F93-8D7F-699AAE36026C}
		{63E48583-9F8F-4231-8C26-58E6AFAD3599} = {07C02FC3-A898-4F93-8D7F-699AAE36026C}
		{43453CFD-0AA7-4FD8-BE65-ED48FBAE9889} = {07C02FC3-A898-4F93-8D7F-699AAE36026C}
		{07C02FC3-A898-4F93-8D7F-699AAE36026C} = {9B6E93DC-337F-46BA-A516-E8F0891BF5EF}
		{A17BE126-556F-442E-9B9F-544E3BA64D6B} = {07C02FC3-A898-4F93-8D7F-699AAE36026C}
	EndGlobalSection
	GlobalSection(ExtensibilityGlobals) = postSolution
		SolutionGuid = {C979E179-0CB6-4D90-840A-96D7CA37C8A5}
	EndGlobalSection
EndGlobal
